{
  "name": "juis-router",
  "version": "1.0.0",
  "lockfileVersion": 1,
  "requires": true,
  "dependencies": {
    "juis-commons": {
      "version": "1.0.8",
      "resolved": "https://registry.npmjs.org/juis-commons/-/juis-commons-1.0.8.tgz",
      "integrity": "sha512-lxUB830UT4s/7HK0+I0MV0yJ7ohLsVVv4G/O9fAM3FUR6XQ0OXawuX0UeZTvlrTxZ/RIDkkLgONEKlrf1/cjUg=="
    },
    "juis-components": {
      "version": "1.0.0",
      "resolved": "https://registry.npmjs.org/juis-components/-/juis-components-1.0.0.tgz",
      "integrity": "sha512-F+dFf6p9eO01I4FAmqA6nGze3gkLS3yDCQzuZnm3W5cDcQ1dZTSVxY/YxUVNV4fUtZpPt0sPkeDhDywJUa1NCw==",
      "dev": true,
      "requires": {
        "juis-commons": "^1.0.6"
      }
    }
  }
}
