{
  "name": "juis-router",
  "version": "1.0.23",
  "lockfileVersion": 1,
  "requires": true,
  "dependencies": {
    "juis-commons": {
      "version": "1.0.10",
      "resolved": "https://registry.npmjs.org/juis-commons/-/juis-commons-1.0.10.tgz",
      "integrity": "sha512-TLc+CBj8TRPyjOUH5I1W+Um8CCyudjxm+JpEFoHg/GZqOELDwdWRYFRujzWGCbQZt+FEz4qlH0jDorN5Ene1qw=="
    }
  }
}
